// !$*UTF8*$!
{
	archiveVersion = 1;
	classes = {
	};
	objectVersion = 50;
	objects = {

/* Begin PBXBuildFile section */
		4D1943802280827300F692E0 /* 0566_ReshapeTheMatrix.swift in Sources */ = {isa = PBXBuildFile; fileRef = 4D19437F2280827300F692E0 /* 0566_ReshapeTheMatrix.swift */; };
		4D1943822280F91B00F692E0 /* 0766_ToeplitzMatrix.swift in Sources */ = {isa = PBXBuildFile; fileRef = 4D1943812280F91B00F692E0 /* 0766_ToeplitzMatrix.swift */; };
		4D19438422824B4E00F692E0 /* 0121_BestTimeToBuyAndSellStock.swift in Sources */ = {isa = PBXBuildFile; fileRef = 4D19438322824B4E00F692E0 /* 0121_BestTimeToBuyAndSellStock.swift */; };
		4D4C5FC9226CBDFB00973053 /* 0016_3SumClosest.swift in Sources */ = {isa = PBXBuildFile; fileRef = 4D4C5FC8226CBDFB00973053 /* 0016_3SumClosest.swift */; };
		4D4C5FCB226DE03C00973053 /* 0018_4Sum.swift in Sources */ = {isa = PBXBuildFile; fileRef = 4D4C5FCA226DE03C00973053 /* 0018_4Sum.swift */; };
		4D4C5FCE226E049400973053 /* 0026_RemoveDuplicatesFromSortedArray.swift in Sources */ = {isa = PBXBuildFile; fileRef = 4D4C5FCD226E049400973053 /* 0026_RemoveDuplicatesFromSortedArray.swift */; };
		4D7909D2226F2287008BF81F /* 0561_ArrayPartitionI.swift in Sources */ = {isa = PBXBuildFile; fileRef = 4D7909D1226F2287008BF81F /* 0561_ArrayPartitionI.swift */; };
		4D9B15AD22824F01003DD1AB /* 0122_BestTimeToBuyAndSellStockII.swift in Sources */ = {isa = PBXBuildFile; fileRef = 4D9B15AC22824F01003DD1AB /* 0122_BestTimeToBuyAndSellStockII.swift */; };
		4D9B15AF22832234003DD1AB /* 0283_MoveZeroes.swift in Sources */ = {isa = PBXBuildFile; fileRef = 4D9B15AE22832234003DD1AB /* 0283_MoveZeroes.swift */; };
		4D9B15B122832838003DD1AB /* 0485_MaxConsecutiveOnes.swift in Sources */ = {isa = PBXBuildFile; fileRef = 4D9B15B022832838003DD1AB /* 0485_MaxConsecutiveOnes.swift */; };
		4D9B15B322832BC7003DD1AB /* 0268_MissingNumber.swift in Sources */ = {isa = PBXBuildFile; fileRef = 4D9B15B222832BC7003DD1AB /* 0268_MissingNumber.swift */; };
		4D9B15B52283A012003DD1AB /* 0167_TwoSumII-InputArrayIsSorted.swift in Sources */ = {isa = PBXBuildFile; fileRef = 4D9B15B42283A012003DD1AB /* 0167_TwoSumII-InputArrayIsSorted.swift */; };
		4DA399142271D36E00A27802 /* 0033_SearchInRotatedSortedArray.swift in Sources */ = {isa = PBXBuildFile; fileRef = 4DA399132271D36E00A27802 /* 0033_SearchInRotatedSortedArray.swift */; };
		4DC2F869228B83840035052D /* 0830_PositionsOfLargeGroups.swift in Sources */ = {isa = PBXBuildFile; fileRef = 4DC2F868228B83840035052D /* 0830_PositionsOfLargeGroups.swift */; };
		4DD9D2FC2264BC48001CA69B /* main.swift in Sources */ = {isa = PBXBuildFile; fileRef = 4DD9D2FB2264BC48001CA69B /* main.swift */; };
		4DD9D3032264C5BC001CA69B /* 0001_TwoSum.swift in Sources */ = {isa = PBXBuildFile; fileRef = 4DD9D3022264C5BC001CA69B /* 0001_TwoSum.swift */; };
		4DD9D309226544B5001CA69B /* 0002_AddTwoNumbers.swift in Sources */ = {isa = PBXBuildFile; fileRef = 4DD9D308226544B5001CA69B /* 0002_AddTwoNumbers.swift */; };
		4DD9D30D22661110001CA69B /* 0004_MedianOfTwoSortedArrays.swift in Sources */ = {isa = PBXBuildFile; fileRef = 4DD9D30C22661110001CA69B /* 0004_MedianOfTwoSortedArrays.swift */; };
		4DD9D30F2268D833001CA69B /* 0011_ContanierWithMostWater.swift in Sources */ = {isa = PBXBuildFile; fileRef = 4DD9D30E2268D833001CA69B /* 0011_ContanierWithMostWater.swift */; };
		4DD9D31122694167001CA69B /* 0015_3Sum.swift in Sources */ = {isa = PBXBuildFile; fileRef = 4DD9D31022694167001CA69B /* 0015_3Sum.swift */; };
		4DD9D313226A20B6001CA69B /* 0905_SortArrayByParity.swift in Sources */ = {isa = PBXBuildFile; fileRef = 4DD9D312226A20B6001CA69B /* 0905_SortArrayByParity.swift */; };
		65531502226E93AE009627BD /* 0509_FibonacciNumber.swift in Sources */ = {isa = PBXBuildFile; fileRef = 65531501226E93AE009627BD /* 0509_FibonacciNumber.swift */; };
		65531504226EDFB7009627BD /* 0922_SortArrayByParityII.swift in Sources */ = {isa = PBXBuildFile; fileRef = 65531503226EDFB7009627BD /* 0922_SortArrayByParityII.swift */; };
		6554DD852281661500F63BB3 /* 0169_MajorityElement.swift in Sources */ = {isa = PBXBuildFile; fileRef = 6554DD842281661500F63BB3 /* 0169_MajorityElement.swift */; };
		6554DD8722816BAC00F63BB3 /* 0119_Pascal'sTriangleII.swift in Sources */ = {isa = PBXBuildFile; fileRef = 6554DD8622816BAC00F63BB3 /* 0119_Pascal'sTriangleII.swift */; };
		6580AA6922732FFB00B89BC9 /* 0999_AvailableCapturesForRook.swift in Sources */ = {isa = PBXBuildFile; fileRef = 6580AA6822732FFB00B89BC9 /* 0999_AvailableCapturesForRook.swift */; };
		65A0FB402283D26D00719617 /* 0136_SingleNumber.swift in Sources */ = {isa = PBXBuildFile; fileRef = 65A0FB3F2283D26D00719617 /* 0136_SingleNumber.swift */; };
		65A0FB422283D52C00719617 /* 0448_FindAllNumbersDisappearedInAnArray.swift in Sources */ = {isa = PBXBuildFile; fileRef = 65A0FB412283D52C00719617 /* 0448_FindAllNumbersDisappearedInAnArray.swift */; };
		65A0FB442284035A00719617 /* 0217_ContainsDuplicate.swift in Sources */ = {isa = PBXBuildFile; fileRef = 65A0FB432284035A00719617 /* 0217_ContainsDuplicate.swift */; };
		65A0FB4622840A2900719617 /* 0888_FairCandySwap.swift in Sources */ = {isa = PBXBuildFile; fileRef = 65A0FB4522840A2900719617 /* 0888_FairCandySwap.swift */; };
		65A0FB4822841ABC00719617 /* 0896_MonotonicArray.swift in Sources */ = {isa = PBXBuildFile; fileRef = 65A0FB4722841ABC00719617 /* 0896_MonotonicArray.swift */; };
		65A572BC228AAF4200A897E2 /* 0661_ImageSmoother.swift in Sources */ = {isa = PBXBuildFile; fileRef = 65A572BB228AAF4200A897E2 /* 0661_ImageSmoother.swift */; };
		65A572BE228ABB6300A897E2 /* 0697_DegreeOfAnArray.swift in Sources */ = {isa = PBXBuildFile; fileRef = 65A572BD228ABB6300A897E2 /* 0697_DegreeOfAnArray.swift */; };
		65A9070922700BC40065EABA /* 0867_TransposeMatrix.swift in Sources */ = {isa = PBXBuildFile; fileRef = 65A9070822700BC40065EABA /* 0867_TransposeMatrix.swift */; };
		65A90755227189150065EABA /* 0027_RemoveElement.swift in Sources */ = {isa = PBXBuildFile; fileRef = 65A90754227189150065EABA /* 0027_RemoveElement.swift */; };
		65A9075722718EAA0065EABA /* 0031_NextPermutation.swift in Sources */ = {isa = PBXBuildFile; fileRef = 65A9075622718EAA0065EABA /* 0031_NextPermutation.swift */; };
		65A9079322728D7D0065EABA /* 0118_Pascal'sTriangle.swift in Sources */ = {isa = PBXBuildFile; fileRef = 65A9079222728D7D0065EABA /* 0118_Pascal'sTriangle.swift */; };
		65A907952272971C0065EABA /* 0985_SumOfEvenNumbersAfterQueries.swift in Sources */ = {isa = PBXBuildFile; fileRef = 65A907942272971C0065EABA /* 0985_SumOfEvenNumbersAfterQueries.swift */; };
		65A907992272DB0B0065EABA /* 1002_FindCommonCharacters.swift in Sources */ = {isa = PBXBuildFile; fileRef = 65A907982272DB0B0065EABA /* 1002_FindCommonCharacters.swift */; };
		65F29A012269AD7D00AD7BD2 /* 0977_SquaresOfASortedArray.swift in Sources */ = {isa = PBXBuildFile; fileRef = 65F29A002269AD7D00AD7BD2 /* 0977_SquaresOfASortedArray.swift */; };
		65F29A032269B6FC00AD7BD2 /* 0832_FlippingAnImage.swift in Sources */ = {isa = PBXBuildFile; fileRef = 65F29A022269B6FB00AD7BD2 /* 0832_FlippingAnImage.swift */; };
/* End PBXBuildFile section */

/* Begin PBXCopyFilesBuildPhase section */
		4DD9D2F62264BC48001CA69B /* CopyFiles */ = {
			isa = PBXCopyFilesBuildPhase;
			buildActionMask = 2147483647;
			dstPath = /usr/share/man/man1/;
			dstSubfolderSpec = 0;
			files = (
			);
			runOnlyForDeploymentPostprocessing = 1;
		};
/* End PBXCopyFilesBuildPhase section */

/* Begin PBXFileReference section */
		4D19437F2280827300F692E0 /* 0566_ReshapeTheMatrix.swift */ = {isa = PBXFileReference; lastKnownFileType = sourcecode.swift; path = 0566_ReshapeTheMatrix.swift; sourceTree = "<group>"; };
		4D1943812280F91B00F692E0 /* 0766_ToeplitzMatrix.swift */ = {isa = PBXFileReference; lastKnownFileType = sourcecode.swift; path = 0766_ToeplitzMatrix.swift; sourceTree = "<group>"; };
		4D19438322824B4E00F692E0 /* 0121_BestTimeToBuyAndSellStock.swift */ = {isa = PBXFileReference; lastKnownFileType = sourcecode.swift; path = 0121_BestTimeToBuyAndSellStock.swift; sourceTree = "<group>"; };
		4D4C5FC8226CBDFB00973053 /* 0016_3SumClosest.swift */ = {isa = PBXFileReference; lastKnownFileType = sourcecode.swift; path = 0016_3SumClosest.swift; sourceTree = "<group>"; };
		4D4C5FCA226DE03C00973053 /* 0018_4Sum.swift */ = {isa = PBXFileReference; lastKnownFileType = sourcecode.swift; path = 0018_4Sum.swift; sourceTree = "<group>"; };
		4D4C5FCD226E049400973053 /* 0026_RemoveDuplicatesFromSortedArray.swift */ = {isa = PBXFileReference; lastKnownFileType = sourcecode.swift; path = 0026_RemoveDuplicatesFromSortedArray.swift; sourceTree = "<group>"; };
		4D7909D1226F2287008BF81F /* 0561_ArrayPartitionI.swift */ = {isa = PBXFileReference; lastKnownFileType = sourcecode.swift; path = 0561_ArrayPartitionI.swift; sourceTree = "<group>"; };
		4D9B15AC22824F01003DD1AB /* 0122_BestTimeToBuyAndSellStockII.swift */ = {isa = PBXFileReference; lastKnownFileType = sourcecode.swift; path = 0122_BestTimeToBuyAndSellStockII.swift; sourceTree = "<group>"; };
		4D9B15AE22832234003DD1AB /* 0283_MoveZeroes.swift */ = {isa = PBXFileReference; lastKnownFileType = sourcecode.swift; path = 0283_MoveZeroes.swift; sourceTree = "<group>"; };
		4D9B15B022832838003DD1AB /* 0485_MaxConsecutiveOnes.swift */ = {isa = PBXFileReference; lastKnownFileType = sourcecode.swift; path = 0485_MaxConsecutiveOnes.swift; sourceTree = "<group>"; };
		4D9B15B222832BC7003DD1AB /* 0268_MissingNumber.swift */ = {isa = PBXFileReference; lastKnownFileType = sourcecode.swift; path = 0268_MissingNumber.swift; sourceTree = "<group>"; };
		4D9B15B42283A012003DD1AB /* 0167_TwoSumII-InputArrayIsSorted.swift */ = {isa = PBXFileReference; lastKnownFileType = sourcecode.swift; path = "0167_TwoSumII-InputArrayIsSorted.swift"; sourceTree = "<group>"; };
		4DA399132271D36E00A27802 /* 0033_SearchInRotatedSortedArray.swift */ = {isa = PBXFileReference; lastKnownFileType = sourcecode.swift; path = 0033_SearchInRotatedSortedArray.swift; sourceTree = "<group>"; };
		4DC2F868228B83840035052D /* 0830_PositionsOfLargeGroups.swift */ = {isa = PBXFileReference; lastKnownFileType = sourcecode.swift; path = 0830_PositionsOfLargeGroups.swift; sourceTree = "<group>"; };
		4DD9D2F82264BC48001CA69B /* LC-Swift */ = {isa = PBXFileReference; explicitFileType = "compiled.mach-o.executable"; includeInIndex = 0; path = "LC-Swift"; sourceTree = BUILT_PRODUCTS_DIR; };
		4DD9D2FB2264BC48001CA69B /* main.swift */ = {isa = PBXFileReference; lastKnownFileType = sourcecode.swift; path = main.swift; sourceTree = "<group>"; };
		4DD9D3022264C5BC001CA69B /* 0001_TwoSum.swift */ = {isa = PBXFileReference; lastKnownFileType = sourcecode.swift; path = 0001_TwoSum.swift; sourceTree = "<group>"; };
		4DD9D308226544B5001CA69B /* 0002_AddTwoNumbers.swift */ = {isa = PBXFileReference; lastKnownFileType = sourcecode.swift; path = 0002_AddTwoNumbers.swift; sourceTree = "<group>"; };
		4DD9D30C22661110001CA69B /* 0004_MedianOfTwoSortedArrays.swift */ = {isa = PBXFileReference; lastKnownFileType = sourcecode.swift; path = 0004_MedianOfTwoSortedArrays.swift; sourceTree = "<group>"; };
		4DD9D30E2268D833001CA69B /* 0011_ContanierWithMostWater.swift */ = {isa = PBXFileReference; lastKnownFileType = sourcecode.swift; path = 0011_ContanierWithMostWater.swift; sourceTree = "<group>"; };
		4DD9D31022694167001CA69B /* 0015_3Sum.swift */ = {isa = PBXFileReference; lastKnownFileType = sourcecode.swift; path = 0015_3Sum.swift; sourceTree = "<group>"; };
		4DD9D312226A20B6001CA69B /* 0905_SortArrayByParity.swift */ = {isa = PBXFileReference; lastKnownFileType = sourcecode.swift; path = 0905_SortArrayByParity.swift; sourceTree = "<group>"; };
		65531501226E93AE009627BD /* 0509_FibonacciNumber.swift */ = {isa = PBXFileReference; lastKnownFileType = sourcecode.swift; path = 0509_FibonacciNumber.swift; sourceTree = "<group>"; };
		65531503226EDFB7009627BD /* 0922_SortArrayByParityII.swift */ = {isa = PBXFileReference; lastKnownFileType = sourcecode.swift; path = 0922_SortArrayByParityII.swift; sourceTree = "<group>"; };
		6554DD842281661500F63BB3 /* 0169_MajorityElement.swift */ = {isa = PBXFileReference; lastKnownFileType = sourcecode.swift; path = 0169_MajorityElement.swift; sourceTree = "<group>"; };
		6554DD8622816BAC00F63BB3 /* 0119_Pascal'sTriangleII.swift */ = {isa = PBXFileReference; lastKnownFileType = sourcecode.swift; path = "0119_Pascal'sTriangleII.swift"; sourceTree = "<group>"; };
		6580AA6822732FFB00B89BC9 /* 0999_AvailableCapturesForRook.swift */ = {isa = PBXFileReference; lastKnownFileType = sourcecode.swift; path = 0999_AvailableCapturesForRook.swift; sourceTree = "<group>"; };
		65A0FB3F2283D26D00719617 /* 0136_SingleNumber.swift */ = {isa = PBXFileReference; lastKnownFileType = sourcecode.swift; path = 0136_SingleNumber.swift; sourceTree = "<group>"; };
		65A0FB412283D52C00719617 /* 0448_FindAllNumbersDisappearedInAnArray.swift */ = {isa = PBXFileReference; lastKnownFileType = sourcecode.swift; path = 0448_FindAllNumbersDisappearedInAnArray.swift; sourceTree = "<group>"; };
		65A0FB432284035A00719617 /* 0217_ContainsDuplicate.swift */ = {isa = PBXFileReference; lastKnownFileType = sourcecode.swift; path = 0217_ContainsDuplicate.swift; sourceTree = "<group>"; };
		65A0FB4522840A2900719617 /* 0888_FairCandySwap.swift */ = {isa = PBXFileReference; lastKnownFileType = sourcecode.swift; path = 0888_FairCandySwap.swift; sourceTree = "<group>"; };
		65A0FB4722841ABC00719617 /* 0896_MonotonicArray.swift */ = {isa = PBXFileReference; lastKnownFileType = sourcecode.swift; path = 0896_MonotonicArray.swift; sourceTree = "<group>"; };
		65A572BB228AAF4200A897E2 /* 0661_ImageSmoother.swift */ = {isa = PBXFileReference; lastKnownFileType = sourcecode.swift; path = 0661_ImageSmoother.swift; sourceTree = "<group>"; };
		65A572BD228ABB6300A897E2 /* 0697_DegreeOfAnArray.swift */ = {isa = PBXFileReference; lastKnownFileType = sourcecode.swift; path = 0697_DegreeOfAnArray.swift; sourceTree = "<group>"; };
		65A9070822700BC40065EABA /* 0867_TransposeMatrix.swift */ = {isa = PBXFileReference; lastKnownFileType = sourcecode.swift; path = 0867_TransposeMatrix.swift; sourceTree = "<group>"; };
		65A90754227189150065EABA /* 0027_RemoveElement.swift */ = {isa = PBXFileReference; lastKnownFileType = sourcecode.swift; path = 0027_RemoveElement.swift; sourceTree = "<group>"; };
		65A9075622718EAA0065EABA /* 0031_NextPermutation.swift */ = {isa = PBXFileReference; lastKnownFileType = sourcecode.swift; path = 0031_NextPermutation.swift; sourceTree = "<group>"; };
		65A9079222728D7D0065EABA /* 0118_Pascal'sTriangle.swift */ = {isa = PBXFileReference; lastKnownFileType = sourcecode.swift; path = "0118_Pascal'sTriangle.swift"; sourceTree = "<group>"; };
		65A907942272971C0065EABA /* 0985_SumOfEvenNumbersAfterQueries.swift */ = {isa = PBXFileReference; lastKnownFileType = sourcecode.swift; path = 0985_SumOfEvenNumbersAfterQueries.swift; sourceTree = "<group>"; };
		65A907982272DB0B0065EABA /* 1002_FindCommonCharacters.swift */ = {isa = PBXFileReference; lastKnownFileType = sourcecode.swift; path = 1002_FindCommonCharacters.swift; sourceTree = "<group>"; };
		65F29A002269AD7D00AD7BD2 /* 0977_SquaresOfASortedArray.swift */ = {isa = PBXFileReference; lastKnownFileType = sourcecode.swift; path = 0977_SquaresOfASortedArray.swift; sourceTree = "<group>"; };
		65F29A022269B6FB00AD7BD2 /* 0832_FlippingAnImage.swift */ = {isa = PBXFileReference; lastKnownFileType = sourcecode.swift; path = 0832_FlippingAnImage.swift; sourceTree = "<group>"; };
/* End PBXFileReference section */

/* Begin PBXFrameworksBuildPhase section */
		4DD9D2F52264BC48001CA69B /* Frameworks */ = {
			isa = PBXFrameworksBuildPhase;
			buildActionMask = 2147483647;
			files = (
			);
			runOnlyForDeploymentPostprocessing = 0;
		};
/* End PBXFrameworksBuildPhase section */

/* Begin PBXGroup section */
		4DD9D2EF2264BC48001CA69B = {
			isa = PBXGroup;
			children = (
				4DD9D2FA2264BC48001CA69B /* LC-Swift */,
				4DD9D2F92264BC48001CA69B /* Products */,
			);
			sourceTree = "<group>";
		};
		4DD9D2F92264BC48001CA69B /* Products */ = {
			isa = PBXGroup;
			children = (
				4DD9D2F82264BC48001CA69B /* LC-Swift */,
			);
			name = Products;
			sourceTree = "<group>";
		};
		4DD9D2FA2264BC48001CA69B /* LC-Swift */ = {
			isa = PBXGroup;
			children = (
				4DD9D2FB2264BC48001CA69B /* main.swift */,
				4DD9D3062264D947001CA69B /* Array */,
				4DD9D30722654484001CA69B /* Math */,
			);
			path = "LC-Swift";
			sourceTree = "<group>";
		};
		4DD9D3062264D947001CA69B /* Array */ = {
			isa = PBXGroup;
			children = (
				4DD9D3022264C5BC001CA69B /* 0001_TwoSum.swift */,
				4DD9D30C22661110001CA69B /* 0004_MedianOfTwoSortedArrays.swift */,
				4DD9D30E2268D833001CA69B /* 0011_ContanierWithMostWater.swift */,
				4DD9D31022694167001CA69B /* 0015_3Sum.swift */,
				4D4C5FC8226CBDFB00973053 /* 0016_3SumClosest.swift */,
				4D4C5FCA226DE03C00973053 /* 0018_4Sum.swift */,
				4D4C5FCD226E049400973053 /* 0026_RemoveDuplicatesFromSortedArray.swift */,
				65A90754227189150065EABA /* 0027_RemoveElement.swift */,
				65A9075622718EAA0065EABA /* 0031_NextPermutation.swift */,
				4DA399132271D36E00A27802 /* 0033_SearchInRotatedSortedArray.swift */,
				65A9079222728D7D0065EABA /* 0118_Pascal'sTriangle.swift */,
				6554DD8622816BAC00F63BB3 /* 0119_Pascal'sTriangleII.swift */,
				4D19438322824B4E00F692E0 /* 0121_BestTimeToBuyAndSellStock.swift */,
				4D9B15AC22824F01003DD1AB /* 0122_BestTimeToBuyAndSellStockII.swift */,
				65A0FB3F2283D26D00719617 /* 0136_SingleNumber.swift */,
				4D9B15B42283A012003DD1AB /* 0167_TwoSumII-InputArrayIsSorted.swift */,
				6554DD842281661500F63BB3 /* 0169_MajorityElement.swift */,
				65A0FB432284035A00719617 /* 0217_ContainsDuplicate.swift */,
				4D9B15B222832BC7003DD1AB /* 0268_MissingNumber.swift */,
				4D9B15AE22832234003DD1AB /* 0283_MoveZeroes.swift */,
				65A0FB412283D52C00719617 /* 0448_FindAllNumbersDisappearedInAnArray.swift */,
				4D9B15B022832838003DD1AB /* 0485_MaxConsecutiveOnes.swift */,
				65531501226E93AE009627BD /* 0509_FibonacciNumber.swift */,
				4D7909D1226F2287008BF81F /* 0561_ArrayPartitionI.swift */,
				4D19437F2280827300F692E0 /* 0566_ReshapeTheMatrix.swift */,
				65A572BB228AAF4200A897E2 /* 0661_ImageSmoother.swift */,
				65A572BD228ABB6300A897E2 /* 0697_DegreeOfAnArray.swift */,
				4D1943812280F91B00F692E0 /* 0766_ToeplitzMatrix.swift */,
				4DC2F868228B83840035052D /* 0830_PositionsOfLargeGroups.swift */,
				65F29A022269B6FB00AD7BD2 /* 0832_FlippingAnImage.swift */,
				65A9070822700BC40065EABA /* 0867_TransposeMatrix.swift */,
				65A0FB4522840A2900719617 /* 0888_FairCandySwap.swift */,
				65A0FB4722841ABC00719617 /* 0896_MonotonicArray.swift */,
				4DD9D312226A20B6001CA69B /* 0905_SortArrayByParity.swift */,
				65531503226EDFB7009627BD /* 0922_SortArrayByParityII.swift */,
				65F29A002269AD7D00AD7BD2 /* 0977_SquaresOfASortedArray.swift */,
				65A907942272971C0065EABA /* 0985_SumOfEvenNumbersAfterQueries.swift */,
				6580AA6822732FFB00B89BC9 /* 0999_AvailableCapturesForRook.swift */,
				65A907982272DB0B0065EABA /* 1002_FindCommonCharacters.swift */,
			);
			path = Array;
			sourceTree = "<group>";
		};
		4DD9D30722654484001CA69B /* Math */ = {
			isa = PBXGroup;
			children = (
				4DD9D308226544B5001CA69B /* 0002_AddTwoNumbers.swift */,
			);
			path = Math;
			sourceTree = "<group>";
		};
/* End PBXGroup section */

/* Begin PBXNativeTarget section */
		4DD9D2F72264BC48001CA69B /* LC-Swift */ = {
			isa = PBXNativeTarget;
			buildConfigurationList = 4DD9D2FF2264BC48001CA69B /* Build configuration list for PBXNativeTarget "LC-Swift" */;
			buildPhases = (
				4DD9D2F42264BC48001CA69B /* Sources */,
				4DD9D2F52264BC48001CA69B /* Frameworks */,
				4DD9D2F62264BC48001CA69B /* CopyFiles */,
			);
			buildRules = (
			);
			dependencies = (
			);
			name = "LC-Swift";
			productName = "LC-Swift";
			productReference = 4DD9D2F82264BC48001CA69B /* LC-Swift */;
			productType = "com.apple.product-type.tool";
		};
/* End PBXNativeTarget section */

/* Begin PBXProject section */
		4DD9D2F02264BC48001CA69B /* Project object */ = {
			isa = PBXProject;
			attributes = {
				LastSwiftUpdateCheck = 1020;
				LastUpgradeCheck = 1020;
				ORGANIZATIONNAME = Songyu;
				TargetAttributes = {
					4DD9D2F72264BC48001CA69B = {
						CreatedOnToolsVersion = 10.2;
					};
				};
			};
			buildConfigurationList = 4DD9D2F32264BC48001CA69B /* Build configuration list for PBXProject "LC-Swift" */;
			compatibilityVersion = "Xcode 9.3";
			developmentRegion = en;
			hasScannedForEncodings = 0;
			knownRegions = (
				en,
			);
			mainGroup = 4DD9D2EF2264BC48001CA69B;
			productRefGroup = 4DD9D2F92264BC48001CA69B /* Products */;
			projectDirPath = "";
			projectRoot = "";
			targets = (
				4DD9D2F72264BC48001CA69B /* LC-Swift */,
			);
		};
/* End PBXProject section */

/* Begin PBXSourcesBuildPhase section */
		4DD9D2F42264BC48001CA69B /* Sources */ = {
			isa = PBXSourcesBuildPhase;
			buildActionMask = 2147483647;
			files = (
				6554DD8722816BAC00F63BB3 /* 0119_Pascal'sTriangleII.swift in Sources */,
				65A572BC228AAF4200A897E2 /* 0661_ImageSmoother.swift in Sources */,
				4DD9D30D22661110001CA69B /* 0004_MedianOfTwoSortedArrays.swift in Sources */,
				65A9075722718EAA0065EABA /* 0031_NextPermutation.swift in Sources */,
				65A0FB422283D52C00719617 /* 0448_FindAllNumbersDisappearedInAnArray.swift in Sources */,
				4DD9D2FC2264BC48001CA69B /* main.swift in Sources */,
				65A0FB4822841ABC00719617 /* 0896_MonotonicArray.swift in Sources */,
				65F29A032269B6FC00AD7BD2 /* 0832_FlippingAnImage.swift in Sources */,
				4D9B15B322832BC7003DD1AB /* 0268_MissingNumber.swift in Sources */,
				4DD9D30F2268D833001CA69B /* 0011_ContanierWithMostWater.swift in Sources */,
				4D1943822280F91B00F692E0 /* 0766_ToeplitzMatrix.swift in Sources */,
				4D4C5FCE226E049400973053 /* 0026_RemoveDuplicatesFromSortedArray.swift in Sources */,
				4DD9D309226544B5001CA69B /* 0002_AddTwoNumbers.swift in Sources */,
				4D19438422824B4E00F692E0 /* 0121_BestTimeToBuyAndSellStock.swift in Sources */,
				65A907952272971C0065EABA /* 0985_SumOfEvenNumbersAfterQueries.swift in Sources */,
				65A90755227189150065EABA /* 0027_RemoveElement.swift in Sources */,
				4D9B15B122832838003DD1AB /* 0485_MaxConsecutiveOnes.swift in Sources */,
				4D9B15AD22824F01003DD1AB /* 0122_BestTimeToBuyAndSellStockII.swift in Sources */,
				6554DD852281661500F63BB3 /* 0169_MajorityElement.swift in Sources */,
				65F29A012269AD7D00AD7BD2 /* 0977_SquaresOfASortedArray.swift in Sources */,
				65531502226E93AE009627BD /* 0509_FibonacciNumber.swift in Sources */,
				65531504226EDFB7009627BD /* 0922_SortArrayByParityII.swift in Sources */,
				4D4C5FCB226DE03C00973053 /* 0018_4Sum.swift in Sources */,
				4D9B15AF22832234003DD1AB /* 0283_MoveZeroes.swift in Sources */,
				4DD9D3032264C5BC001CA69B /* 0001_TwoSum.swift in Sources */,
				65A0FB402283D26D00719617 /* 0136_SingleNumber.swift in Sources */,
				4D9B15B52283A012003DD1AB /* 0167_TwoSumII-InputArrayIsSorted.swift in Sources */,
				65A572BE228ABB6300A897E2 /* 0697_DegreeOfAnArray.swift in Sources */,
				4DC2F869228B83840035052D /* 0830_PositionsOfLargeGroups.swift in Sources */,
				4DD9D31122694167001CA69B /* 0015_3Sum.swift in Sources */,
				65A0FB442284035A00719617 /* 0217_ContainsDuplicate.swift in Sources */,
				4D4C5FC9226CBDFB00973053 /* 0016_3SumClosest.swift in Sources */,
				6580AA6922732FFB00B89BC9 /* 0999_AvailableCapturesForRook.swift in Sources */,
				65A907992272DB0B0065EABA /* 1002_FindCommonCharacters.swift in Sources */,
				65A9079322728D7D0065EABA /* 0118_Pascal'sTriangle.swift in Sources */,
				4DA399142271D36E00A27802 /* 0033_SearchInRotatedSortedArray.swift in Sources */,
				65A0FB4622840A2900719617 /* 0888_FairCandySwap.swift in Sources */,
				4D1943802280827300F692E0 /* 0566_ReshapeTheMatrix.swift in Sources */,
				65A9070922700BC40065EABA /* 0867_TransposeMatrix.swift in Sources */,
				4DD9D313226A20B6001CA69B /* 0905_SortArrayByParity.swift in Sources */,
				4D7909D2226F2287008BF81F /* 0561_ArrayPartitionI.swift in Sources */,
			);
			runOnlyForDeploymentPostprocessing = 0;
		};
/* End PBXSourcesBuildPhase section */

/* Begin XCBuildConfiguration section */
		4DD9D2FD2264BC48001CA69B /* Debug */ = {
			isa = XCBuildConfiguration;
			buildSettings = {
				ALWAYS_SEARCH_USER_PATHS = NO;
				CLANG_ANALYZER_NONNULL = YES;
				CLANG_ANALYZER_NUMBER_OBJECT_CONVERSION = YES_AGGRESSIVE;
				CLANG_CXX_LANGUAGE_STANDARD = "gnu++14";
				CLANG_CXX_LIBRARY = "libc++";
				CLANG_ENABLE_MODULES = YES;
				CLANG_ENABLE_OBJC_ARC = YES;
				CLANG_ENABLE_OBJC_WEAK = YES;
				CLANG_WARN_BLOCK_CAPTURE_AUTORELEASING = YES;
				CLANG_WARN_BOOL_CONVERSION = YES;
				CLANG_WARN_COMMA = YES;
				CLANG_WARN_CONSTANT_CONVERSION = YES;
				CLANG_WARN_DEPRECATED_OBJC_IMPLEMENTATIONS = YES;
				CLANG_WARN_DIRECT_OBJC_ISA_USAGE = YES_ERROR;
				CLANG_WARN_DOCUMENTATION_COMMENTS = YES;
				CLANG_WARN_EMPTY_BODY = YES;
				CLANG_WARN_ENUM_CONVERSION = YES;
				CLANG_WARN_INFINITE_RECURSION = YES;
				CLANG_WARN_INT_CONVERSION = YES;
				CLANG_WARN_NON_LITERAL_NULL_CONVERSION = YES;
				CLANG_WARN_OBJC_IMPLICIT_RETAIN_SELF = YES;
				CLANG_WARN_OBJC_LITERAL_CONVERSION = YES;
				CLANG_WARN_OBJC_ROOT_CLASS = YES_ERROR;
				CLANG_WARN_RANGE_LOOP_ANALYSIS = YES;
				CLANG_WARN_STRICT_PROTOTYPES = YES;
				CLANG_WARN_SUSPICIOUS_MOVE = YES;
				CLANG_WARN_UNGUARDED_AVAILABILITY = YES_AGGRESSIVE;
				CLANG_WARN_UNREACHABLE_CODE = YES;
				CLANG_WARN__DUPLICATE_METHOD_MATCH = YES;
				CODE_SIGN_IDENTITY = "Mac Developer";
				COPY_PHASE_STRIP = NO;
				DEBUG_INFORMATION_FORMAT = dwarf;
				ENABLE_STRICT_OBJC_MSGSEND = YES;
				ENABLE_TESTABILITY = YES;
				GCC_C_LANGUAGE_STANDARD = gnu11;
				GCC_DYNAMIC_NO_PIC = NO;
				GCC_NO_COMMON_BLOCKS = YES;
				GCC_OPTIMIZATION_LEVEL = 0;
				GCC_PREPROCESSOR_DEFINITIONS = (
					"DEBUG=1",
					"$(inherited)",
				);
				GCC_WARN_64_TO_32_BIT_CONVERSION = YES;
				GCC_WARN_ABOUT_RETURN_TYPE = YES_ERROR;
				GCC_WARN_UNDECLARED_SELECTOR = YES;
				GCC_WARN_UNINITIALIZED_AUTOS = YES_AGGRESSIVE;
				GCC_WARN_UNUSED_FUNCTION = YES;
				GCC_WARN_UNUSED_VARIABLE = YES;
				MACOSX_DEPLOYMENT_TARGET = 10.14;
				MTL_ENABLE_DEBUG_INFO = INCLUDE_SOURCE;
				MTL_FAST_MATH = YES;
				ONLY_ACTIVE_ARCH = YES;
				SDKROOT = macosx;
				SWIFT_ACTIVE_COMPILATION_CONDITIONS = DEBUG;
				SWIFT_OPTIMIZATION_LEVEL = "-Onone";
			};
			name = Debug;
		};
		4DD9D2FE2264BC48001CA69B /* Release */ = {
			isa = XCBuildConfiguration;
			buildSettings = {
				ALWAYS_SEARCH_USER_PATHS = NO;
				CLANG_ANALYZER_NONNULL = YES;
				CLANG_ANALYZER_NUMBER_OBJECT_CONVERSION = YES_AGGRESSIVE;
				CLANG_CXX_LANGUAGE_STANDARD = "gnu++14";
				CLANG_CXX_LIBRARY = "libc++";
				CLANG_ENABLE_MODULES = YES;
				CLANG_ENABLE_OBJC_ARC = YES;
				CLANG_ENABLE_OBJC_WEAK = YES;
				CLANG_WARN_BLOCK_CAPTURE_AUTORELEASING = YES;
				CLANG_WARN_BOOL_CONVERSION = YES;
				CLANG_WARN_COMMA = YES;
				CLANG_WARN_CONSTANT_CONVERSION = YES;
				CLANG_WARN_DEPRECATED_OBJC_IMPLEMENTATIONS = YES;
				CLANG_WARN_DIRECT_OBJC_ISA_USAGE = YES_ERROR;
				CLANG_WARN_DOCUMENTATION_COMMENTS = YES;
				CLANG_WARN_EMPTY_BODY = YES;
				CLANG_WARN_ENUM_CONVERSION = YES;
				CLANG_WARN_INFINITE_RECURSION = YES;
				CLANG_WARN_INT_CONVERSION = YES;
				CLANG_WARN_NON_LITERAL_NULL_CONVERSION = YES;
				CLANG_WARN_OBJC_IMPLICIT_RETAIN_SELF = YES;
				CLANG_WARN_OBJC_LITERAL_CONVERSION = YES;
				CLANG_WARN_OBJC_ROOT_CLASS = YES_ERROR;
				CLANG_WARN_RANGE_LOOP_ANALYSIS = YES;
				CLANG_WARN_STRICT_PROTOTYPES = YES;
				CLANG_WARN_SUSPICIOUS_MOVE = YES;
				CLANG_WARN_UNGUARDED_AVAILABILITY = YES_AGGRESSIVE;
				CLANG_WARN_UNREACHABLE_CODE = YES;
				CLANG_WARN__DUPLICATE_METHOD_MATCH = YES;
				CODE_SIGN_IDENTITY = "Mac Developer";
				COPY_PHASE_STRIP = NO;
				DEBUG_INFORMATION_FORMAT = "dwarf-with-dsym";
				ENABLE_NS_ASSERTIONS = NO;
				ENABLE_STRICT_OBJC_MSGSEND = YES;
				GCC_C_LANGUAGE_STANDARD = gnu11;
				GCC_NO_COMMON_BLOCKS = YES;
				GCC_WARN_64_TO_32_BIT_CONVERSION = YES;
				GCC_WARN_ABOUT_RETURN_TYPE = YES_ERROR;
				GCC_WARN_UNDECLARED_SELECTOR = YES;
				GCC_WARN_UNINITIALIZED_AUTOS = YES_AGGRESSIVE;
				GCC_WARN_UNUSED_FUNCTION = YES;
				GCC_WARN_UNUSED_VARIABLE = YES;
				MACOSX_DEPLOYMENT_TARGET = 10.14;
				MTL_ENABLE_DEBUG_INFO = NO;
				MTL_FAST_MATH = YES;
				SDKROOT = macosx;
				SWIFT_COMPILATION_MODE = wholemodule;
				SWIFT_OPTIMIZATION_LEVEL = "-O";
			};
			name = Release;
		};
		4DD9D3002264BC48001CA69B /* Debug */ = {
			isa = XCBuildConfiguration;
			buildSettings = {
				CODE_SIGN_STYLE = Automatic;
				DEVELOPMENT_TEAM = 467H22CM6C;
				PRODUCT_NAME = "$(TARGET_NAME)";
				SWIFT_VERSION = 5.0;
			};
			name = Debug;
		};
		4DD9D3012264BC48001CA69B /* Release */ = {
			isa = XCBuildConfiguration;
			buildSettings = {
				CODE_SIGN_STYLE = Automatic;
				DEVELOPMENT_TEAM = 467H22CM6C;
				PRODUCT_NAME = "$(TARGET_NAME)";
				SWIFT_VERSION = 5.0;
			};
			name = Release;
		};
/* End XCBuildConfiguration section */

/* Begin XCConfigurationList section */
		4DD9D2F32264BC48001CA69B /* Build configuration list for PBXProject "LC-Swift" */ = {
			isa = XCConfigurationList;
			buildConfigurations = (
				4DD9D2FD2264BC48001CA69B /* Debug */,
				4DD9D2FE2264BC48001CA69B /* Release */,
			);
			defaultConfigurationIsVisible = 0;
			defaultConfigurationName = Release;
		};
		4DD9D2FF2264BC48001CA69B /* Build configuration list for PBXNativeTarget "LC-Swift" */ = {
			isa = XCConfigurationList;
			buildConfigurations = (
				4DD9D3002264BC48001CA69B /* Debug */,
				4DD9D3012264BC48001CA69B /* Release */,
			);
			defaultConfigurationIsVisible = 0;
			defaultConfigurationName = Release;
		};
/* End XCConfigurationList section */
	};
	rootObject = 4DD9D2F02264BC48001CA69B /* Project object */;
}
